# This file is automatically @generated by Cargo.
# It is not intended for manual editing.
version = 3

[[package]]
name = "capnp"
version = "0.18.7"
source = "registry+https://github.com/rust-lang/crates.io-index"
checksum = "ce3a3a3b1b6ad38dea0e945a9bc1524331b03ba1d07360bd437891fc86e14091"
dependencies = [
 "embedded-io",
]

[[package]]
name = "capnpc"
version = "0.18.0"
source = "registry+https://github.com/rust-lang/crates.io-index"
checksum = "5067f3c8ee94d993d03150153e9a57a6ff330127b1c1ad76475051e1cef79c2d"
dependencies = [
 "capnp",
]

[[package]]
name = "embedded-io"
version = "0.5.0"
source = "registry+https://github.com/rust-lang/crates.io-index"
checksum = "658bbadc628dc286b9ae02f0cb0f5411c056eb7487b72f0083203f115de94060"

[[package]]
name = "prism_schema"
version = "0.1.0"
dependencies = [
 "capnp",
 "capnpc",
]
